main:
  cmd: python test.py --name coco_pretrained --dataset_mode coco --dataroot datasets/coco_stuff
  deps:
  - path: checkpoints/coco_pretrained
    md5: 2b528bc16d0a21d3bc9495426b5c96a3.dir
  - path: datasets/coco_stuff
    md5: 5390b359636400e3ef39d3f958cc8786.dir
  - path: test.py
    md5: e04759e74a78c6bca32cff5806be8193
  outs:
  - path: results
    md5: 22f178982ea0e4db940c4d95af53cd01.dir
