main:
  cmd: python test.py --name coco_pretrained --dataset_mode coco --dataroot datasets/coco_stuff
  deps:
  - path: datasets/coco_stuff
    md5: a4cd13a6757c31d4b35f85b4557cce85.dir
  - path: test.py
    md5: e04759e74a78c6bca32cff5806be8193
  outs:
  - path: results
    md5: 21cfae1b6a0914880bb4f8782857712a.dir
